
Microsoft Visual Studio Solution File, Format Version 12.00
# Visual Studio Version 17
VisualStudioVersion = 17.8.34316.72
MinimumVisualStudioVersion = 10.0.40219.1
Project("{9A19103F-16F7-4668-BE54-9A1E7A4F7556}") = "LIN.Contacts", "LIN.Contacts\LIN.Contacts\LIN.Contacts.csproj", "{253A1B20-BE0E-4774-B6F2-3A57BBCCC027}"
EndProject
Project("{9A19103F-16F7-4668-BE54-9A1E7A4F7556}") = "LIN.Contacts.Client", "LIN.Contacts\LIN.Contacts.Client\LIN.Contacts.Client.csproj", "{E8A92334-994C-4481-86C2-D64395D9BCA8}"
EndProject
Project("{9A19103F-16F7-4668-BE54-9A1E7A4F7556}") = "LIN.Access.Search", "..\..\AccesoAPI\LIN.Access.Search\LIN.Access.Search.csproj", "{6224D447-C261-44BC-97C6-F3226BDD6F2F}"
EndProject
Project("{9A19103F-16F7-4668-BE54-9A1E7A4F7556}") = "LIN.Emma.UI", "..\..\Components\LIN.Emma.UI\LIN.Emma.UI\LIN.Emma.UI.csproj", "{AF1CB906-8AAF-4AFD-A32F-F1400F686AE3}"
EndProject
Project("{9A19103F-16F7-4668-BE54-9A1E7A4F7556}") = "LIN.Contacts.Shared", "..\..\Components\LIN.Contacts.Shared\LIN.Contacts.Shared.csproj", "{E3AF9A83-CA67-4229-A196-5B713A0D4B1B}"
EndProject
Global
	GlobalSection(SolutionConfigurationPlatforms) = preSolution
		Debug|Any CPU = Debug|Any CPU
		Release|Any CPU = Release|Any CPU
	EndGlobalSection
	GlobalSection(ProjectConfigurationPlatforms) = postSolution
		{253A1B20-BE0E-4774-B6F2-3A57BBCCC027}.Debug|Any CPU.ActiveCfg = Debug|Any CPU
		{253A1B20-BE0E-4774-B6F2-3A57BBCCC027}.Debug|Any CPU.Build.0 = Debug|Any CPU
		{253A1B20-BE0E-4774-B6F2-3A57BBCCC027}.Release|Any CPU.ActiveCfg = Release|Any CPU
		{253A1B20-BE0E-4774-B6F2-3A57BBCCC027}.Release|Any CPU.Build.0 = Release|Any CPU
		{E8A92334-994C-4481-86C2-D64395D9BCA8}.Debug|Any CPU.ActiveCfg = Debug|Any CPU
		{E8A92334-994C-4481-86C2-D64395D9BCA8}.Debug|Any CPU.Build.0 = Debug|Any CPU
		{E8A92334-994C-4481-86C2-D64395D9BCA8}.Release|Any CPU.ActiveCfg = Release|Any CPU
		{E8A92334-994C-4481-86C2-D64395D9BCA8}.Release|Any CPU.Build.0 = Release|Any CPU
		{6224D447-C261-44BC-97C6-F3226BDD6F2F}.Debug|Any CPU.ActiveCfg = Debug|Any CPU
		{6224D447-C261-44BC-97C6-F3226BDD6F2F}.Debug|Any CPU.Build.0 = Debug|Any CPU
		{6224D447-C261-44BC-97C6-F3226BDD6F2F}.Release|Any CPU.ActiveCfg = Release|Any CPU
		{6224D447-C261-44BC-97C6-F3226BDD6F2F}.Release|Any CPU.Build.0 = Release|Any CPU
		{AF1CB906-8AAF-4AFD-A32F-F1400F686AE3}.Debug|Any CPU.ActiveCfg = Debug|Any CPU
		{AF1CB906-8AAF-4AFD-A32F-F1400F686AE3}.Debug|Any CPU.Build.0 = Debug|Any CPU
		{AF1CB906-8AAF-4AFD-A32F-F1400F686AE3}.Release|Any CPU.ActiveCfg = Release|Any CPU
		{AF1CB906-8AAF-4AFD-A32F-F1400F686AE3}.Release|Any CPU.Build.0 = Release|Any CPU
		{E3AF9A83-CA67-4229-A196-5B713A0D4B1B}.Debug|Any CPU.ActiveCfg = Debug|Any CPU
		{E3AF9A83-CA67-4229-A196-5B713A0D4B1B}.Debug|Any CPU.Build.0 = Debug|Any CPU
		{E3AF9A83-CA67-4229-A196-5B713A0D4B1B}.Release|Any CPU.ActiveCfg = Release|Any CPU
		{E3AF9A83-CA67-4229-A196-5B713A0D4B1B}.Release|Any CPU.Build.0 = Release|Any CPU
	EndGlobalSection
	GlobalSection(SolutionProperties) = preSolution
		HideSolutionNode = FALSE
	EndGlobalSection
	GlobalSection(ExtensibilityGlobals) = postSolution
		SolutionGuid = {10B2361D-2D34-4760-BA02-B584FFEB3F42}
	EndGlobalSection
EndGlobal
