
Microsoft Visual Studio Solution File, Format Version 12.00
# Visual Studio Version 17
VisualStudioVersion = 17.8.34316.72
MinimumVisualStudioVersion = 10.0.40219.1
Project("{9A19103F-16F7-4668-BE54-9A1E7A4F7556}") = "LIN.Contacts", "LIN.Contacts\LIN.Contacts\LIN.Contacts.csproj", "{253A1B20-BE0E-4774-B6F2-3A57BBCCC027}"
EndProject
Project("{9A19103F-16F7-4668-BE54-9A1E7A4F7556}") = "LIN.Contacts.Client", "LIN.Contacts\LIN.Contacts.Client\LIN.Contacts.Client.csproj", "{E8A92334-994C-4481-86C2-D64395D9BCA8}"
EndProject
Project("{9A19103F-16F7-4668-BE54-9A1E7A4F7556}") = "LIN.Modules", "..\..\Tipos\LIN.Modules\LIN.Modules.csproj", "{C8ACF8FA-D129-452D-AE48-B9275873C9C7}"
EndProject
Project("{9A19103F-16F7-4668-BE54-9A1E7A4F7556}") = "LIN.Access.Auth", "..\..\AccesoAPI\LIN.Access.Auth\LIN.Access.Auth.csproj", "{4B9A892B-97A2-456F-9BD6-6AF521E2BA2A}"
EndProject
Project("{9A19103F-16F7-4668-BE54-9A1E7A4F7556}") = "LIN.Types", "..\..\Tipos\LIN.Types\LIN.Types.csproj", "{AD6422B9-B706-485E-9ED6-552554EC3390}"
EndProject
Project("{9A19103F-16F7-4668-BE54-9A1E7A4F7556}") = "SILF.Script", "..\..\..\SILF\SILF\SILF.Script\SILF.Script.csproj", "{FBB1BD1F-E62D-4634-A1D3-2E8BF39A17DE}"
EndProject
Project("{9A19103F-16F7-4668-BE54-9A1E7A4F7556}") = "LIN.Types.Contacts", "..\..\Tipos\LIN.Types.Contacts\LIN.Types.Contacts.csproj", "{3D06622D-17E8-43B2-9F3D-F184670138EC}"
EndProject
Project("{9A19103F-16F7-4668-BE54-9A1E7A4F7556}") = "LIN.Access.Contacts", "..\..\AccesoAPI\LIN.Access.Contacts\LIN.Access.Contacts.csproj", "{15EED2BF-EF3B-4833-B366-226D19391EF7}"
EndProject
Project("{9A19103F-16F7-4668-BE54-9A1E7A4F7556}") = "LIN.Types.Emma", "..\..\Tipos\LIN.Types.Emma\LIN.Types.Emma.csproj", "{0B90D6CB-F7FE-49BA-AF54-0C0DD4D09DDE}"
EndProject
Project("{9A19103F-16F7-4668-BE54-9A1E7A4F7556}") = "LIN.Types.Cloud.Identity", "..\..\Tipos\LIN.Types.Cloud.Identity\LIN.Types.Cloud.Identity.csproj", "{039B3E7A-DEBD-4C42-AE04-EF9952538A6C}"
EndProject
Project("{9A19103F-16F7-4668-BE54-9A1E7A4F7556}") = "LIN.Types.Exp.Search", "..\..\Tipos\LIN.Types.Exp.Search\LIN.Types.Exp.Search.csproj", "{CA8C29D9-A1A3-4393-8712-9D2501B6BFB4}"
EndProject
Project("{9A19103F-16F7-4668-BE54-9A1E7A4F7556}") = "LIN.Access.Search", "..\..\AccesoAPI\LIN.Access.Search\LIN.Access.Search.csproj", "{6224D447-C261-44BC-97C6-F3226BDD6F2F}"
EndProject
Global
	GlobalSection(SolutionConfigurationPlatforms) = preSolution
		Debug|Any CPU = Debug|Any CPU
		Release|Any CPU = Release|Any CPU
	EndGlobalSection
	GlobalSection(ProjectConfigurationPlatforms) = postSolution
		{253A1B20-BE0E-4774-B6F2-3A57BBCCC027}.Debug|Any CPU.ActiveCfg = Debug|Any CPU
		{253A1B20-BE0E-4774-B6F2-3A57BBCCC027}.Debug|Any CPU.Build.0 = Debug|Any CPU
		{253A1B20-BE0E-4774-B6F2-3A57BBCCC027}.Release|Any CPU.ActiveCfg = Release|Any CPU
		{253A1B20-BE0E-4774-B6F2-3A57BBCCC027}.Release|Any CPU.Build.0 = Release|Any CPU
		{E8A92334-994C-4481-86C2-D64395D9BCA8}.Debug|Any CPU.ActiveCfg = Debug|Any CPU
		{E8A92334-994C-4481-86C2-D64395D9BCA8}.Debug|Any CPU.Build.0 = Debug|Any CPU
		{E8A92334-994C-4481-86C2-D64395D9BCA8}.Release|Any CPU.ActiveCfg = Release|Any CPU
		{E8A92334-994C-4481-86C2-D64395D9BCA8}.Release|Any CPU.Build.0 = Release|Any CPU
		{C8ACF8FA-D129-452D-AE48-B9275873C9C7}.Debug|Any CPU.ActiveCfg = Debug|Any CPU
		{C8ACF8FA-D129-452D-AE48-B9275873C9C7}.Debug|Any CPU.Build.0 = Debug|Any CPU
		{C8ACF8FA-D129-452D-AE48-B9275873C9C7}.Release|Any CPU.ActiveCfg = Release|Any CPU
		{C8ACF8FA-D129-452D-AE48-B9275873C9C7}.Release|Any CPU.Build.0 = Release|Any CPU
		{4B9A892B-97A2-456F-9BD6-6AF521E2BA2A}.Debug|Any CPU.ActiveCfg = Debug|Any CPU
		{4B9A892B-97A2-456F-9BD6-6AF521E2BA2A}.Debug|Any CPU.Build.0 = Debug|Any CPU
		{4B9A892B-97A2-456F-9BD6-6AF521E2BA2A}.Release|Any CPU.ActiveCfg = Release|Any CPU
		{4B9A892B-97A2-456F-9BD6-6AF521E2BA2A}.Release|Any CPU.Build.0 = Release|Any CPU
		{AD6422B9-B706-485E-9ED6-552554EC3390}.Debug|Any CPU.ActiveCfg = Debug|Any CPU
		{AD6422B9-B706-485E-9ED6-552554EC3390}.Debug|Any CPU.Build.0 = Debug|Any CPU
		{AD6422B9-B706-485E-9ED6-552554EC3390}.Release|Any CPU.ActiveCfg = Release|Any CPU
		{AD6422B9-B706-485E-9ED6-552554EC3390}.Release|Any CPU.Build.0 = Release|Any CPU
		{FBB1BD1F-E62D-4634-A1D3-2E8BF39A17DE}.Debug|Any CPU.ActiveCfg = Debug|Any CPU
		{FBB1BD1F-E62D-4634-A1D3-2E8BF39A17DE}.Debug|Any CPU.Build.0 = Debug|Any CPU
		{FBB1BD1F-E62D-4634-A1D3-2E8BF39A17DE}.Release|Any CPU.ActiveCfg = Release|Any CPU
		{FBB1BD1F-E62D-4634-A1D3-2E8BF39A17DE}.Release|Any CPU.Build.0 = Release|Any CPU
		{3D06622D-17E8-43B2-9F3D-F184670138EC}.Debug|Any CPU.ActiveCfg = Debug|Any CPU
		{3D06622D-17E8-43B2-9F3D-F184670138EC}.Debug|Any CPU.Build.0 = Debug|Any CPU
		{3D06622D-17E8-43B2-9F3D-F184670138EC}.Release|Any CPU.ActiveCfg = Release|Any CPU
		{3D06622D-17E8-43B2-9F3D-F184670138EC}.Release|Any CPU.Build.0 = Release|Any CPU
		{15EED2BF-EF3B-4833-B366-226D19391EF7}.Debug|Any CPU.ActiveCfg = Debug|Any CPU
		{15EED2BF-EF3B-4833-B366-226D19391EF7}.Debug|Any CPU.Build.0 = Debug|Any CPU
		{15EED2BF-EF3B-4833-B366-226D19391EF7}.Release|Any CPU.ActiveCfg = Release|Any CPU
		{15EED2BF-EF3B-4833-B366-226D19391EF7}.Release|Any CPU.Build.0 = Release|Any CPU
		{0B90D6CB-F7FE-49BA-AF54-0C0DD4D09DDE}.Debug|Any CPU.ActiveCfg = Debug|Any CPU
		{0B90D6CB-F7FE-49BA-AF54-0C0DD4D09DDE}.Debug|Any CPU.Build.0 = Debug|Any CPU
		{0B90D6CB-F7FE-49BA-AF54-0C0DD4D09DDE}.Release|Any CPU.ActiveCfg = Release|Any CPU
		{0B90D6CB-F7FE-49BA-AF54-0C0DD4D09DDE}.Release|Any CPU.Build.0 = Release|Any CPU
		{039B3E7A-DEBD-4C42-AE04-EF9952538A6C}.Debug|Any CPU.ActiveCfg = Debug|Any CPU
		{039B3E7A-DEBD-4C42-AE04-EF9952538A6C}.Debug|Any CPU.Build.0 = Debug|Any CPU
		{039B3E7A-DEBD-4C42-AE04-EF9952538A6C}.Release|Any CPU.ActiveCfg = Release|Any CPU
		{039B3E7A-DEBD-4C42-AE04-EF9952538A6C}.Release|Any CPU.Build.0 = Release|Any CPU
		{CA8C29D9-A1A3-4393-8712-9D2501B6BFB4}.Debug|Any CPU.ActiveCfg = Debug|Any CPU
		{CA8C29D9-A1A3-4393-8712-9D2501B6BFB4}.Debug|Any CPU.Build.0 = Debug|Any CPU
		{CA8C29D9-A1A3-4393-8712-9D2501B6BFB4}.Release|Any CPU.ActiveCfg = Release|Any CPU
		{CA8C29D9-A1A3-4393-8712-9D2501B6BFB4}.Release|Any CPU.Build.0 = Release|Any CPU
		{6224D447-C261-44BC-97C6-F3226BDD6F2F}.Debug|Any CPU.ActiveCfg = Debug|Any CPU
		{6224D447-C261-44BC-97C6-F3226BDD6F2F}.Debug|Any CPU.Build.0 = Debug|Any CPU
		{6224D447-C261-44BC-97C6-F3226BDD6F2F}.Release|Any CPU.ActiveCfg = Release|Any CPU
		{6224D447-C261-44BC-97C6-F3226BDD6F2F}.Release|Any CPU.Build.0 = Release|Any CPU
	EndGlobalSection
	GlobalSection(SolutionProperties) = preSolution
		HideSolutionNode = FALSE
	EndGlobalSection
	GlobalSection(ExtensibilityGlobals) = postSolution
		SolutionGuid = {10B2361D-2D34-4760-BA02-B584FFEB3F42}
	EndGlobalSection
EndGlobal
